name: Refresh BUG-013 Bun lock

on:
  push:
    branches:
      - agent/phase-16y-bug-013

permissions:
  contents: write

jobs:
  refresh-lock:
    runs-on: ubuntu-latest
    timeout-minutes: 10
    steps:
      - uses: actions/checkout@v4
      - uses: oven-sh/setup-bun@v2
        with:
          bun-version: 1.3.14
      - name: Regenerate Bun lockfile
        run: bun install
      - name: Commit lockfile metadata
        shell: bash
        run: |
          if git diff --quiet -- bun.lock; then
            echo "bun.lock is already current."
            exit 0
          fi
          git config user.name "github-actions[bot]"
          git config user.email "41898282+github-actions[bot]@users.noreply.github.com"
          git add bun.lock
          git commit -m "Refresh Bun lock metadata for v0.10.2"
          git push
